// !$*UTF8*$!
{
	archiveVersion = 1;
	classes = {
	};
	objectVersion = 50;
	objects = {

/* Begin PBXBuildFile section */
		9E9FE9FB23D832440034D59D /* AppDelegate.swift in Sources */ = {isa = PBXBuildFile; fileRef = 9E9FE9FA23D832440034D59D /* AppDelegate.swift */; };
		9E9FEA0023D832440034D59D /* Main.storyboard in Resources */ = {isa = PBXBuildFile; fileRef = 9E9FE9FE23D832440034D59D /* Main.storyboard */; };
		9E9FEA0223D832460034D59D /* Assets.xcassets in Resources */ = {isa = PBXBuildFile; fileRef = 9E9FEA0123D832460034D59D /* Assets.xcassets */; };
		9E9FEA0523D832460034D59D /* LaunchScreen.storyboard in Resources */ = {isa = PBXBuildFile; fileRef = 9E9FEA0323D832460034D59D /* LaunchScreen.storyboard */; };
		9E9FEA0D23D832760034D59D /* PhotosViewController.swift in Sources */ = {isa = PBXBuildFile; fileRef = 9E9FEA0C23D832760034D59D /* PhotosViewController.swift */; };
		9E9FEA0F23D8430A0034D59D /* SooGreyhoundsAPI.swift in Sources */ = {isa = PBXBuildFile; fileRef = 9E9FEA0E23D8430A0034D59D /* SooGreyhoundsAPI.swift */; };
		9E9FEA1123D865D70034D59D /* PhotoStore.swift in Sources */ = {isa = PBXBuildFile; fileRef = 9E9FEA1023D865D70034D59D /* PhotoStore.swift */; };
		9E9FEA1323D867430034D59D /* Photo.swift in Sources */ = {isa = PBXBuildFile; fileRef = 9E9FEA1223D867430034D59D /* Photo.swift */; };
/* End PBXBuildFile section */

/* Begin PBXFileReference section */
		9E9FE9F723D832440034D59D /* SooGreyhounds.app */ = {isa = PBXFileReference; explicitFileType = wrapper.application; includeInIndex = 0; path = SooGreyhounds.app; sourceTree = BUILT_PRODUCTS_DIR; };
		9E9FE9FA23D832440034D59D /* AppDelegate.swift */ = {isa = PBXFileReference; lastKnownFileType = sourcecode.swift; path = AppDelegate.swift; sourceTree = "<group>"; };
		9E9FE9FF23D832440034D59D /* Base */ = {isa = PBXFileReference; lastKnownFileType = file.storyboard; name = Base; path = Base.lproj/Main.storyboard; sourceTree = "<group>"; };
		9E9FEA0123D832460034D59D /* Assets.xcassets */ = {isa = PBXFileReference; lastKnownFileType = folder.assetcatalog; path = Assets.xcassets; sourceTree = "<group>"; };
		9E9FEA0423D832460034D59D /* Base */ = {isa = PBXFileReference; lastKnownFileType = file.storyboard; name = Base; path = Base.lproj/LaunchScreen.storyboard; sourceTree = "<group>"; };
		9E9FEA0623D832460034D59D /* Info.plist */ = {isa = PBXFileReference; lastKnownFileType = text.plist.xml; path = Info.plist; sourceTree = "<group>"; };
		9E9FEA0C23D832760034D59D /* PhotosViewController.swift */ = {isa = PBXFileReference; lastKnownFileType = sourcecode.swift; path = PhotosViewController.swift; sourceTree = "<group>"; };
		9E9FEA0E23D8430A0034D59D /* SooGreyhoundsAPI.swift */ = {isa = PBXFileReference; lastKnownFileType = sourcecode.swift; path = SooGreyhoundsAPI.swift; sourceTree = "<group>"; };
		9E9FEA1023D865D70034D59D /* PhotoStore.swift */ = {isa = PBXFileReference; lastKnownFileType = sourcecode.swift; path = PhotoStore.swift; sourceTree = "<group>"; };
		9E9FEA1223D867430034D59D /* Photo.swift */ = {isa = PBXFileReference; lastKnownFileType = sourcecode.swift; path = Photo.swift; sourceTree = "<group>"; };
/* End PBXFileReference section */

/* Begin PBXFrameworksBuildPhase section */
		9E9FE9F423D832440034D59D /* Frameworks */ = {
			isa = PBXFrameworksBuildPhase;
			buildActionMask = 2147483647;
			files = (
			);
			runOnlyForDeploymentPostprocessing = 0;
		};
/* End PBXFrameworksBuildPhase section */

/* Begin PBXGroup section */
		9E9FE9EE23D832440034D59D = {
			isa = PBXGroup;
			children = (
				9E9FE9F923D832440034D59D /* SooGreyhounds */,
				9E9FE9F823D832440034D59D /* Products */,
			);
			sourceTree = "<group>";
		};
		9E9FE9F823D832440034D59D /* Products */ = {
			isa = PBXGroup;
			children = (
				9E9FE9F723D832440034D59D /* SooGreyhounds.app */,
			);
			name = Products;
			sourceTree = "<group>";
		};
		9E9FE9F923D832440034D59D /* SooGreyhounds */ = {
			isa = PBXGroup;
			children = (
				9E9FE9FA23D832440034D59D /* AppDelegate.swift */,
				9E9FEA0C23D832760034D59D /* PhotosViewController.swift */,
				9E9FEA1223D867430034D59D /* Photo.swift */,
				9E9FE9FE23D832440034D59D /* Main.storyboard */,
				9E9FEA0E23D8430A0034D59D /* SooGreyhoundsAPI.swift */,
				9E9FEA1023D865D70034D59D /* PhotoStore.swift */,
				9E9FEA0123D832460034D59D /* Assets.xcassets */,
				9E9FEA0323D832460034D59D /* LaunchScreen.storyboard */,
				9E9FEA0623D832460034D59D /* Info.plist */,
			);
			path = SooGreyhounds;
			sourceTree = "<group>";
		};
/* End PBXGroup section */

/* Begin PBXNativeTarget section */
		9E9FE9F623D832440034D59D /* SooGreyhounds */ = {
			isa = PBXNativeTarget;
			buildConfigurationList = 9E9FEA0923D832460034D59D /* Build configuration list for PBXNativeTarget "SooGreyhounds" */;
			buildPhases = (
				9E9FE9F323D832440034D59D /* Sources */,
				9E9FE9F423D832440034D59D /* Frameworks */,
				9E9FE9F523D832440034D59D /* Resources */,
			);
			buildRules = (
			);
			dependencies = (
			);
			name = SooGreyhounds;
			productName = SooGreyhounds;
			productReference = 9E9FE9F723D832440034D59D /* SooGreyhounds.app */;
			productType = "com.apple.product-type.application";
		};
/* End PBXNativeTarget section */

/* Begin PBXProject section */
		9E9FE9EF23D832440034D59D /* Project object */ = {
			isa = PBXProject;
			attributes = {
				LastSwiftUpdateCheck = 1000;
				LastUpgradeCheck = 1000;
				ORGANIZATIONNAME = Test;
				TargetAttributes = {
					9E9FE9F623D832440034D59D = {
						CreatedOnToolsVersion = 10.0;
					};
				};
			};
			buildConfigurationList = 9E9FE9F223D832440034D59D /* Build configuration list for PBXProject "SooGreyhounds" */;
			compatibilityVersion = "Xcode 9.3";
			developmentRegion = en;
			hasScannedForEncodings = 0;
			knownRegions = (
				en,
				Base,
			);
			mainGroup = 9E9FE9EE23D832440034D59D;
			productRefGroup = 9E9FE9F823D832440034D59D /* Products */;
			projectDirPath = "";
			projectRoot = "";
			targets = (
				9E9FE9F623D832440034D59D /* SooGreyhounds */,
			);
		};
/* End PBXProject section */

/* Begin PBXResourcesBuildPhase section */
		9E9FE9F523D832440034D59D /* Resources */ = {
			isa = PBXResourcesBuildPhase;
			buildActionMask = 2147483647;
			files = (
				9E9FEA0523D832460034D59D /* LaunchScreen.storyboard in Resources */,
				9E9FEA0223D832460034D59D /* Assets.xcassets in Resources */,
				9E9FEA0023D832440034D59D /* Main.storyboard in Resources */,
			);
			runOnlyForDeploymentPostprocessing = 0;
		};
/* End PBXResourcesBuildPhase section */

/* Begin PBXSourcesBuildPhase section */
		9E9FE9F323D832440034D59D /* Sources */ = {
			isa = PBXSourcesBuildPhase;
			buildActionMask = 2147483647;
			files = (
				9E9FEA0F23D8430A0034D59D /* SooGreyhoundsAPI.swift in Sources */,
				9E9FEA0D23D832760034D59D /* PhotosViewController.swift in Sources */,
				9E9FEA1123D865D70034D59D /* PhotoStore.swift in Sources */,
				9E9FE9FB23D832440034D59D /* AppDelegate.swift in Sources */,
				9E9FEA1323D867430034D59D /* Photo.swift in Sources */,
			);
			runOnlyForDeploymentPostprocessing = 0;
		};
/* End PBXSourcesBuildPhase section */

/* Begin PBXVariantGroup section */
		9E9FE9FE23D832440034D59D /* Main.storyboard */ = {
			isa = PBXVariantGroup;
			children = (
				9E9FE9FF23D832440034D59D /* Base */,
			);
			name = Main.storyboard;
			sourceTree = "<group>";
		};
		9E9FEA0323D832460034D59D /* LaunchScreen.storyboard */ = {
			isa = PBXVariantGroup;
			children = (
				9E9FEA0423D832460034D59D /* Base */,
			);
			name = LaunchScreen.storyboard;
			sourceTree = "<group>";
		};
/* End PBXVariantGroup section */

/* Begin XCBuildConfiguration section */
		9E9FEA0723D832460034D59D /* Debug */ = {
			isa = XCBuildConfiguration;
			buildSettings = {
				ALWAYS_SEARCH_USER_PATHS = NO;
				CLANG_ANALYZER_NONNULL = YES;
				CLANG_ANALYZER_NUMBER_OBJECT_CONVERSION = YES_AGGRESSIVE;
				CLANG_CXX_LANGUAGE_STANDARD = "gnu++14";
				CLANG_CXX_LIBRARY = "libc++";
				CLANG_ENABLE_MODULES = YES;
				CLANG_ENABLE_OBJC_ARC = YES;
				CLANG_ENABLE_OBJC_WEAK = YES;
				CLANG_WARN_BLOCK_CAPTURE_AUTORELEASING = YES;
				CLANG_WARN_BOOL_CONVERSION = YES;
				CLANG_WARN_COMMA = YES;
				CLANG_WARN_CONSTANT_CONVERSION = YES;
				CLANG_WARN_DEPRECATED_OBJC_IMPLEMENTATIONS = YES;
				CLANG_WARN_DIRECT_OBJC_ISA_USAGE = YES_ERROR;
				CLANG_WARN_DOCUMENTATION_COMMENTS = YES;
				CLANG_WARN_EMPTY_BODY = YES;
				CLANG_WARN_ENUM_CONVERSION = YES;
				CLANG_WARN_INFINITE_RECURSION = YES;
				CLANG_WARN_INT_CONVERSION = YES;
				CLANG_WARN_NON_LITERAL_NULL_CONVERSION = YES;
				CLANG_WARN_OBJC_IMPLICIT_RETAIN_SELF = YES;
				CLANG_WARN_OBJC_LITERAL_CONVERSION = YES;
				CLANG_WARN_OBJC_ROOT_CLASS = YES_ERROR;
				CLANG_WARN_RANGE_LOOP_ANALYSIS = YES;
				CLANG_WARN_STRICT_PROTOTYPES = YES;
				CLANG_WARN_SUSPICIOUS_MOVE = YES;
				CLANG_WARN_UNGUARDED_AVAILABILITY = YES_AGGRESSIVE;
				CLANG_WARN_UNREACHABLE_CODE = YES;
				CLANG_WARN__DUPLICATE_METHOD_MATCH = YES;
				CODE_SIGN_IDENTITY = "iPhone Developer";
				COPY_PHASE_STRIP = NO;
				DEBUG_INFORMATION_FORMAT = dwarf;
				ENABLE_STRICT_OBJC_MSGSEND = YES;
				ENABLE_TESTABILITY = YES;
				GCC_C_LANGUAGE_STANDARD = gnu11;
				GCC_DYNAMIC_NO_PIC = NO;
				GCC_NO_COMMON_BLOCKS = YES;
				GCC_OPTIMIZATION_LEVEL = 0;
				GCC_PREPROCESSOR_DEFINITIONS = (
					"DEBUG=1",
					"$(inherited)",
				);
				GCC_WARN_64_TO_32_BIT_CONVERSION = YES;
				GCC_WARN_ABOUT_RETURN_TYPE = YES_ERROR;
				GCC_WARN_UNDECLARED_SELECTOR = YES;
				GCC_WARN_UNINITIALIZED_AUTOS = YES_AGGRESSIVE;
				GCC_WARN_UNUSED_FUNCTION = YES;
				GCC_WARN_UNUSED_VARIABLE = YES;
				IPHONEOS_DEPLOYMENT_TARGET = 12.0;
				MTL_ENABLE_DEBUG_INFO = INCLUDE_SOURCE;
				MTL_FAST_MATH = YES;
				ONLY_ACTIVE_ARCH = YES;
				SDKROOT = iphoneos;
				SWIFT_ACTIVE_COMPILATION_CONDITIONS = DEBUG;
				SWIFT_OPTIMIZATION_LEVEL = "-Onone";
			};
			name = Debug;
		};
		9E9FEA0823D832460034D59D /* Release */ = {
			isa = XCBuildConfiguration;
			buildSettings = {
				ALWAYS_SEARCH_USER_PATHS = NO;
				CLANG_ANALYZER_NONNULL = YES;
				CLANG_ANALYZER_NUMBER_OBJECT_CONVERSION = YES_AGGRESSIVE;
				CLANG_CXX_LANGUAGE_STANDARD = "gnu++14";
				CLANG_CXX_LIBRARY = "libc++";
				CLANG_ENABLE_MODULES = YES;
				CLANG_ENABLE_OBJC_ARC = YES;
				CLANG_ENABLE_OBJC_WEAK = YES;
				CLANG_WARN_BLOCK_CAPTURE_AUTORELEASING = YES;
				CLANG_WARN_BOOL_CONVERSION = YES;
				CLANG_WARN_COMMA = YES;
				CLANG_WARN_CONSTANT_CONVERSION = YES;
				CLANG_WARN_DEPRECATED_OBJC_IMPLEMENTATIONS = YES;
				CLANG_WARN_DIRECT_OBJC_ISA_USAGE = YES_ERROR;
				CLANG_WARN_DOCUMENTATION_COMMENTS = YES;
				CLANG_WARN_EMPTY_BODY = YES;
				CLANG_WARN_ENUM_CONVERSION = YES;
				CLANG_WARN_INFINITE_RECURSION = YES;
				CLANG_WARN_INT_CONVERSION = YES;
				CLANG_WARN_NON_LITERAL_NULL_CONVERSION = YES;
				CLANG_WARN_OBJC_IMPLICIT_RETAIN_SELF = YES;
				CLANG_WARN_OBJC_LITERAL_CONVERSION = YES;
				CLANG_WARN_OBJC_ROOT_CLASS = YES_ERROR;
				CLANG_WARN_RANGE_LOOP_ANALYSIS = YES;
				CLANG_WARN_STRICT_PROTOTYPES = YES;
				CLANG_WARN_SUSPICIOUS_MOVE = YES;
				CLANG_WARN_UNGUARDED_AVAILABILITY = YES_AGGRESSIVE;
				CLANG_WARN_UNREACHABLE_CODE = YES;
				CLANG_WARN__DUPLICATE_METHOD_MATCH = YES;
				CODE_SIGN_IDENTITY = "iPhone Developer";
				COPY_PHASE_STRIP = NO;
				DEBUG_INFORMATION_FORMAT = "dwarf-with-dsym";
				ENABLE_NS_ASSERTIONS = NO;
				ENABLE_STRICT_OBJC_MSGSEND = YES;
				GCC_C_LANGUAGE_STANDARD = gnu11;
				GCC_NO_COMMON_BLOCKS = YES;
				GCC_WARN_64_TO_32_BIT_CONVERSION = YES;
				GCC_WARN_ABOUT_RETURN_TYPE = YES_ERROR;
				GCC_WARN_UNDECLARED_SELECTOR = YES;
				GCC_WARN_UNINITIALIZED_AUTOS = YES_AGGRESSIVE;
				GCC_WARN_UNUSED_FUNCTION = YES;
				GCC_WARN_UNUSED_VARIABLE = YES;
				IPHONEOS_DEPLOYMENT_TARGET = 12.0;
				MTL_ENABLE_DEBUG_INFO = NO;
				MTL_FAST_MATH = YES;
				SDKROOT = iphoneos;
				SWIFT_COMPILATION_MODE = wholemodule;
				SWIFT_OPTIMIZATION_LEVEL = "-O";
				VALIDATE_PRODUCT = YES;
			};
			name = Release;
		};
		9E9FEA0A23D832460034D59D /* Debug */ = {
			isa = XCBuildConfiguration;
			buildSettings = {
				ASSETCATALOG_COMPILER_APPICON_NAME = AppIcon;
				CODE_SIGN_STYLE = Automatic;
				DEVELOPMENT_TEAM = "";
				INFOPLIST_FILE = SooGreyhounds/Info.plist;
				IPHONEOS_DEPLOYMENT_TARGET = 10.0;
				LD_RUNPATH_SEARCH_PATHS = (
					"$(inherited)",
					"@executable_path/Frameworks",
				);
				PRODUCT_BUNDLE_IDENTIFIER = COM.SooGreyhounds.SooGreyhounds;
				PRODUCT_NAME = "$(TARGET_NAME)";
				SWIFT_VERSION = 3.0;
				TARGETED_DEVICE_FAMILY = "1,2";
			};
			name = Debug;
		};
		9E9FEA0B23D832460034D59D /* Release */ = {
			isa = XCBuildConfiguration;
			buildSettings = {
				ASSETCATALOG_COMPILER_APPICON_NAME = AppIcon;
				CODE_SIGN_STYLE = Automatic;
				DEVELOPMENT_TEAM = "";
				INFOPLIST_FILE = SooGreyhounds/Info.plist;
				IPHONEOS_DEPLOYMENT_TARGET = 10.0;
				LD_RUNPATH_SEARCH_PATHS = (
					"$(inherited)",
					"@executable_path/Frameworks",
				);
				PRODUCT_BUNDLE_IDENTIFIER = COM.SooGreyhounds.SooGreyhounds;
				PRODUCT_NAME = "$(TARGET_NAME)";
				SWIFT_VERSION = 3.0;
				TARGETED_DEVICE_FAMILY = "1,2";
			};
			name = Release;
		};
/* End XCBuildConfiguration section */

/* Begin XCConfigurationList section */
		9E9FE9F223D832440034D59D /* Build configuration list for PBXProject "SooGreyhounds" */ = {
			isa = XCConfigurationList;
			buildConfigurations = (
				9E9FEA0723D832460034D59D /* Debug */,
				9E9FEA0823D832460034D59D /* Release */,
			);
			defaultConfigurationIsVisible = 0;
			defaultConfigurationName = Release;
		};
		9E9FEA0923D832460034D59D /* Build configuration list for PBXNativeTarget "SooGreyhounds" */ = {
			isa = XCConfigurationList;
			buildConfigurations = (
				9E9FEA0A23D832460034D59D /* Debug */,
				9E9FEA0B23D832460034D59D /* Release */,
			);
			defaultConfigurationIsVisible = 0;
			defaultConfigurationName = Release;
		};
/* End XCConfigurationList section */
	};
	rootObject = 9E9FE9EF23D832440034D59D /* Project object */;
}
